
Microsoft Visual Studio Solution File, Format Version 12.00
# Visual Studio 15
VisualStudioVersion = 15.0.28307.539
MinimumVisualStudioVersion = 10.0.40219.1
Project("{888888A0-9F3D-457C-B088-3A5042F75D52}") = "ElmoTeacherDecoder", "ElmoTeacherDecoder.pyproj", "{99EC7E4B-BD8A-4F07-BD6C-8A6FDAE17406}"
EndProject
Project("{8BC9CEB8-8B4A-11D0-8D11-00A0C91BC942}") = "hcp_decoder", "hcp_decoder\hcp_decoder.vcxproj", "{54C4C9E6-37B0-47A1-9667-7B3E510AB1CB}"
EndProject
Project("{8BC9CEB8-8B4A-11D0-8D11-00A0C91BC942}") = "hcpe_sorter", "hcpe_sorter\hcpe_sorter.vcxproj", "{6E7D3435-41A3-4FC0-93AC-7CCAB8F50069}"
EndProject
Project("{8BC9CEB8-8B4A-11D0-8D11-00A0C91BC942}") = "hcpe_uniq", "hcpe_uniq\hcpe_uniq.vcxproj", "{D228B304-E04D-48E2-8CD9-BF4C3E3926E4}"
EndProject
Project("{8BC9CEB8-8B4A-11D0-8D11-00A0C91BC942}") = "hcpe_uniq2", "hcpe_uniq2\hcpe_uniq2.vcxproj", "{FBA39FA9-1B3E-479A-A680-493AEDF6FA23}"
EndProject
Project("{8BC9CEB8-8B4A-11D0-8D11-00A0C91BC942}") = "hcpe_shuffle", "hcpe_shuffle\hcpe_shuffle.vcxproj", "{D2083E87-BC91-4D42-96DD-30BC9BB6964C}"
EndProject
Project("{8BC9CEB8-8B4A-11D0-8D11-00A0C91BC942}") = "hcphe_uniq", "hcphe_uniq\hcphe_uniq.vcxproj", "{5094B13B-CAB9-4D0F-B937-64E8C4F38516}"
EndProject
Project("{8BC9CEB8-8B4A-11D0-8D11-00A0C91BC942}") = "hcphe_shuffle", "hcphe_shuffle\hcphe_shuffle.vcxproj", "{A2F3EF11-D22C-49CC-B958-E778189ACD1F}"
EndProject
Project("{8BC9CEB8-8B4A-11D0-8D11-00A0C91BC942}") = "hcpe_to_hcp", "hcpe_to_hcp\hcpe_to_hcp.vcxproj", "{164D1917-C831-4086-AD60-01976178EE84}"
EndProject
Project("{8BC9CEB8-8B4A-11D0-8D11-00A0C91BC942}") = "psv_decoder", "psv_decoder\psv_decoder.vcxproj", "{DC1B6128-9CF6-4F8C-BC15-AF9E9BDB458A}"
EndProject
Project("{8BC9CEB8-8B4A-11D0-8D11-00A0C91BC942}") = "psv_to_hcp", "psv_to_hcp\psv_to_hcp.vcxproj", "{788BA99E-E321-4790-B376-5E6C93AB1FA3}"
EndProject
Project("{8BC9CEB8-8B4A-11D0-8D11-00A0C91BC942}") = "extract_mated_hcp", "extract_mated_hcp\extract_mated_hcp.vcxproj", "{933D6EF2-4BD7-4BC4-98B1-0EFDB1DF6F53}"
EndProject
Project("{8BC9CEB8-8B4A-11D0-8D11-00A0C91BC942}") = "test", "test\test.vcxproj", "{B9524F81-A27A-48D5-A2F8-AF3F011D1D69}"
EndProject
Project("{8BC9CEB8-8B4A-11D0-8D11-00A0C91BC942}") = "delete_hcp", "delete_hcp\delete_hcp.vcxproj", "{840452E4-511E-4F77-8D08-FF7206E5FE48}"
EndProject
Global
	GlobalSection(SolutionConfigurationPlatforms) = preSolution
		Debug|Any CPU = Debug|Any CPU
		Debug|x64 = Debug|x64
		Debug|x86 = Debug|x86
		Release|Any CPU = Release|Any CPU
		Release|x64 = Release|x64
		Release|x86 = Release|x86
	EndGlobalSection
	GlobalSection(ProjectConfigurationPlatforms) = postSolution
		{99EC7E4B-BD8A-4F07-BD6C-8A6FDAE17406}.Debug|Any CPU.ActiveCfg = Debug|Any CPU
		{99EC7E4B-BD8A-4F07-BD6C-8A6FDAE17406}.Debug|x64.ActiveCfg = Debug|Any CPU
		{99EC7E4B-BD8A-4F07-BD6C-8A6FDAE17406}.Debug|x86.ActiveCfg = Debug|Any CPU
		{99EC7E4B-BD8A-4F07-BD6C-8A6FDAE17406}.Release|Any CPU.ActiveCfg = Release|Any CPU
		{99EC7E4B-BD8A-4F07-BD6C-8A6FDAE17406}.Release|x64.ActiveCfg = Release|Any CPU
		{99EC7E4B-BD8A-4F07-BD6C-8A6FDAE17406}.Release|x86.ActiveCfg = Release|Any CPU
		{54C4C9E6-37B0-47A1-9667-7B3E510AB1CB}.Debug|Any CPU.ActiveCfg = Debug|Win32
		{54C4C9E6-37B0-47A1-9667-7B3E510AB1CB}.Debug|x64.ActiveCfg = Debug|x64
		{54C4C9E6-37B0-47A1-9667-7B3E510AB1CB}.Debug|x64.Build.0 = Debug|x64
		{54C4C9E6-37B0-47A1-9667-7B3E510AB1CB}.Debug|x86.ActiveCfg = Debug|Win32
		{54C4C9E6-37B0-47A1-9667-7B3E510AB1CB}.Debug|x86.Build.0 = Debug|Win32
		{54C4C9E6-37B0-47A1-9667-7B3E510AB1CB}.Release|Any CPU.ActiveCfg = Release|Win32
		{54C4C9E6-37B0-47A1-9667-7B3E510AB1CB}.Release|x64.ActiveCfg = Release|x64
		{54C4C9E6-37B0-47A1-9667-7B3E510AB1CB}.Release|x64.Build.0 = Release|x64
		{54C4C9E6-37B0-47A1-9667-7B3E510AB1CB}.Release|x86.ActiveCfg = Release|Win32
		{54C4C9E6-37B0-47A1-9667-7B3E510AB1CB}.Release|x86.Build.0 = Release|Win32
		{6E7D3435-41A3-4FC0-93AC-7CCAB8F50069}.Debug|Any CPU.ActiveCfg = Debug|Win32
		{6E7D3435-41A3-4FC0-93AC-7CCAB8F50069}.Debug|x64.ActiveCfg = Debug|x64
		{6E7D3435-41A3-4FC0-93AC-7CCAB8F50069}.Debug|x64.Build.0 = Debug|x64
		{6E7D3435-41A3-4FC0-93AC-7CCAB8F50069}.Debug|x86.ActiveCfg = Debug|Win32
		{6E7D3435-41A3-4FC0-93AC-7CCAB8F50069}.Debug|x86.Build.0 = Debug|Win32
		{6E7D3435-41A3-4FC0-93AC-7CCAB8F50069}.Release|Any CPU.ActiveCfg = Release|Win32
		{6E7D3435-41A3-4FC0-93AC-7CCAB8F50069}.Release|x64.ActiveCfg = Release|x64
		{6E7D3435-41A3-4FC0-93AC-7CCAB8F50069}.Release|x64.Build.0 = Release|x64
		{6E7D3435-41A3-4FC0-93AC-7CCAB8F50069}.Release|x86.ActiveCfg = Release|Win32
		{6E7D3435-41A3-4FC0-93AC-7CCAB8F50069}.Release|x86.Build.0 = Release|Win32
		{D228B304-E04D-48E2-8CD9-BF4C3E3926E4}.Debug|Any CPU.ActiveCfg = Debug|Win32
		{D228B304-E04D-48E2-8CD9-BF4C3E3926E4}.Debug|x64.ActiveCfg = Debug|x64
		{D228B304-E04D-48E2-8CD9-BF4C3E3926E4}.Debug|x64.Build.0 = Debug|x64
		{D228B304-E04D-48E2-8CD9-BF4C3E3926E4}.Debug|x86.ActiveCfg = Debug|Win32
		{D228B304-E04D-48E2-8CD9-BF4C3E3926E4}.Debug|x86.Build.0 = Debug|Win32
		{D228B304-E04D-48E2-8CD9-BF4C3E3926E4}.Release|Any CPU.ActiveCfg = Release|Win32
		{D228B304-E04D-48E2-8CD9-BF4C3E3926E4}.Release|x64.ActiveCfg = Release|x64
		{D228B304-E04D-48E2-8CD9-BF4C3E3926E4}.Release|x64.Build.0 = Release|x64
		{D228B304-E04D-48E2-8CD9-BF4C3E3926E4}.Release|x86.ActiveCfg = Release|Win32
		{D228B304-E04D-48E2-8CD9-BF4C3E3926E4}.Release|x86.Build.0 = Release|Win32
		{FBA39FA9-1B3E-479A-A680-493AEDF6FA23}.Debug|Any CPU.ActiveCfg = Debug|Win32
		{FBA39FA9-1B3E-479A-A680-493AEDF6FA23}.Debug|x64.ActiveCfg = Debug|x64
		{FBA39FA9-1B3E-479A-A680-493AEDF6FA23}.Debug|x64.Build.0 = Debug|x64
		{FBA39FA9-1B3E-479A-A680-493AEDF6FA23}.Debug|x86.ActiveCfg = Debug|Win32
		{FBA39FA9-1B3E-479A-A680-493AEDF6FA23}.Debug|x86.Build.0 = Debug|Win32
		{FBA39FA9-1B3E-479A-A680-493AEDF6FA23}.Release|Any CPU.ActiveCfg = Release|Win32
		{FBA39FA9-1B3E-479A-A680-493AEDF6FA23}.Release|x64.ActiveCfg = Release|x64
		{FBA39FA9-1B3E-479A-A680-493AEDF6FA23}.Release|x64.Build.0 = Release|x64
		{FBA39FA9-1B3E-479A-A680-493AEDF6FA23}.Release|x86.ActiveCfg = Release|Win32
		{FBA39FA9-1B3E-479A-A680-493AEDF6FA23}.Release|x86.Build.0 = Release|Win32
		{D2083E87-BC91-4D42-96DD-30BC9BB6964C}.Debug|Any CPU.ActiveCfg = Debug|Win32
		{D2083E87-BC91-4D42-96DD-30BC9BB6964C}.Debug|x64.ActiveCfg = Debug|x64
		{D2083E87-BC91-4D42-96DD-30BC9BB6964C}.Debug|x64.Build.0 = Debug|x64
		{D2083E87-BC91-4D42-96DD-30BC9BB6964C}.Debug|x86.ActiveCfg = Debug|Win32
		{D2083E87-BC91-4D42-96DD-30BC9BB6964C}.Debug|x86.Build.0 = Debug|Win32
		{D2083E87-BC91-4D42-96DD-30BC9BB6964C}.Release|Any CPU.ActiveCfg = Release|Win32
		{D2083E87-BC91-4D42-96DD-30BC9BB6964C}.Release|x64.ActiveCfg = Release|x64
		{D2083E87-BC91-4D42-96DD-30BC9BB6964C}.Release|x64.Build.0 = Release|x64
		{D2083E87-BC91-4D42-96DD-30BC9BB6964C}.Release|x86.ActiveCfg = Release|Win32
		{D2083E87-BC91-4D42-96DD-30BC9BB6964C}.Release|x86.Build.0 = Release|Win32
		{5094B13B-CAB9-4D0F-B937-64E8C4F38516}.Debug|Any CPU.ActiveCfg = Debug|Win32
		{5094B13B-CAB9-4D0F-B937-64E8C4F38516}.Debug|x64.ActiveCfg = Debug|x64
		{5094B13B-CAB9-4D0F-B937-64E8C4F38516}.Debug|x64.Build.0 = Debug|x64
		{5094B13B-CAB9-4D0F-B937-64E8C4F38516}.Debug|x86.ActiveCfg = Debug|Win32
		{5094B13B-CAB9-4D0F-B937-64E8C4F38516}.Debug|x86.Build.0 = Debug|Win32
		{5094B13B-CAB9-4D0F-B937-64E8C4F38516}.Release|Any CPU.ActiveCfg = Release|Win32
		{5094B13B-CAB9-4D0F-B937-64E8C4F38516}.Release|x64.ActiveCfg = Release|x64
		{5094B13B-CAB9-4D0F-B937-64E8C4F38516}.Release|x64.Build.0 = Release|x64
		{5094B13B-CAB9-4D0F-B937-64E8C4F38516}.Release|x86.ActiveCfg = Release|Win32
		{5094B13B-CAB9-4D0F-B937-64E8C4F38516}.Release|x86.Build.0 = Release|Win32
		{A2F3EF11-D22C-49CC-B958-E778189ACD1F}.Debug|Any CPU.ActiveCfg = Debug|Win32
		{A2F3EF11-D22C-49CC-B958-E778189ACD1F}.Debug|x64.ActiveCfg = Debug|x64
		{A2F3EF11-D22C-49CC-B958-E778189ACD1F}.Debug|x64.Build.0 = Debug|x64
		{A2F3EF11-D22C-49CC-B958-E778189ACD1F}.Debug|x86.ActiveCfg = Debug|Win32
		{A2F3EF11-D22C-49CC-B958-E778189ACD1F}.Debug|x86.Build.0 = Debug|Win32
		{A2F3EF11-D22C-49CC-B958-E778189ACD1F}.Release|Any CPU.ActiveCfg = Release|Win32
		{A2F3EF11-D22C-49CC-B958-E778189ACD1F}.Release|x64.ActiveCfg = Release|x64
		{A2F3EF11-D22C-49CC-B958-E778189ACD1F}.Release|x64.Build.0 = Release|x64
		{A2F3EF11-D22C-49CC-B958-E778189ACD1F}.Release|x86.ActiveCfg = Release|Win32
		{A2F3EF11-D22C-49CC-B958-E778189ACD1F}.Release|x86.Build.0 = Release|Win32
		{164D1917-C831-4086-AD60-01976178EE84}.Debug|Any CPU.ActiveCfg = Debug|Win32
		{164D1917-C831-4086-AD60-01976178EE84}.Debug|x64.ActiveCfg = Debug|x64
		{164D1917-C831-4086-AD60-01976178EE84}.Debug|x64.Build.0 = Debug|x64
		{164D1917-C831-4086-AD60-01976178EE84}.Debug|x86.ActiveCfg = Debug|Win32
		{164D1917-C831-4086-AD60-01976178EE84}.Debug|x86.Build.0 = Debug|Win32
		{164D1917-C831-4086-AD60-01976178EE84}.Release|Any CPU.ActiveCfg = Release|Win32
		{164D1917-C831-4086-AD60-01976178EE84}.Release|x64.ActiveCfg = Release|x64
		{164D1917-C831-4086-AD60-01976178EE84}.Release|x64.Build.0 = Release|x64
		{164D1917-C831-4086-AD60-01976178EE84}.Release|x86.ActiveCfg = Release|Win32
		{164D1917-C831-4086-AD60-01976178EE84}.Release|x86.Build.0 = Release|Win32
		{DC1B6128-9CF6-4F8C-BC15-AF9E9BDB458A}.Debug|Any CPU.ActiveCfg = Debug|Win32
		{DC1B6128-9CF6-4F8C-BC15-AF9E9BDB458A}.Debug|x64.ActiveCfg = Debug|x64
		{DC1B6128-9CF6-4F8C-BC15-AF9E9BDB458A}.Debug|x64.Build.0 = Debug|x64
		{DC1B6128-9CF6-4F8C-BC15-AF9E9BDB458A}.Debug|x86.ActiveCfg = Debug|Win32
		{DC1B6128-9CF6-4F8C-BC15-AF9E9BDB458A}.Debug|x86.Build.0 = Debug|Win32
		{DC1B6128-9CF6-4F8C-BC15-AF9E9BDB458A}.Release|Any CPU.ActiveCfg = Release|Win32
		{DC1B6128-9CF6-4F8C-BC15-AF9E9BDB458A}.Release|x64.ActiveCfg = Release|x64
		{DC1B6128-9CF6-4F8C-BC15-AF9E9BDB458A}.Release|x64.Build.0 = Release|x64
		{DC1B6128-9CF6-4F8C-BC15-AF9E9BDB458A}.Release|x86.ActiveCfg = Release|Win32
		{DC1B6128-9CF6-4F8C-BC15-AF9E9BDB458A}.Release|x86.Build.0 = Release|Win32
		{788BA99E-E321-4790-B376-5E6C93AB1FA3}.Debug|Any CPU.ActiveCfg = Debug|Win32
		{788BA99E-E321-4790-B376-5E6C93AB1FA3}.Debug|x64.ActiveCfg = Debug|x64
		{788BA99E-E321-4790-B376-5E6C93AB1FA3}.Debug|x64.Build.0 = Debug|x64
		{788BA99E-E321-4790-B376-5E6C93AB1FA3}.Debug|x86.ActiveCfg = Debug|Win32
		{788BA99E-E321-4790-B376-5E6C93AB1FA3}.Debug|x86.Build.0 = Debug|Win32
		{788BA99E-E321-4790-B376-5E6C93AB1FA3}.Release|Any CPU.ActiveCfg = Release|Win32
		{788BA99E-E321-4790-B376-5E6C93AB1FA3}.Release|x64.ActiveCfg = Release|x64
		{788BA99E-E321-4790-B376-5E6C93AB1FA3}.Release|x64.Build.0 = Release|x64
		{788BA99E-E321-4790-B376-5E6C93AB1FA3}.Release|x86.ActiveCfg = Release|Win32
		{788BA99E-E321-4790-B376-5E6C93AB1FA3}.Release|x86.Build.0 = Release|Win32
		{933D6EF2-4BD7-4BC4-98B1-0EFDB1DF6F53}.Debug|Any CPU.ActiveCfg = Debug|Win32
		{933D6EF2-4BD7-4BC4-98B1-0EFDB1DF6F53}.Debug|x64.ActiveCfg = Debug|x64
		{933D6EF2-4BD7-4BC4-98B1-0EFDB1DF6F53}.Debug|x64.Build.0 = Debug|x64
		{933D6EF2-4BD7-4BC4-98B1-0EFDB1DF6F53}.Debug|x86.ActiveCfg = Debug|Win32
		{933D6EF2-4BD7-4BC4-98B1-0EFDB1DF6F53}.Debug|x86.Build.0 = Debug|Win32
		{933D6EF2-4BD7-4BC4-98B1-0EFDB1DF6F53}.Release|Any CPU.ActiveCfg = Release|Win32
		{933D6EF2-4BD7-4BC4-98B1-0EFDB1DF6F53}.Release|x64.ActiveCfg = Release|x64
		{933D6EF2-4BD7-4BC4-98B1-0EFDB1DF6F53}.Release|x64.Build.0 = Release|x64
		{933D6EF2-4BD7-4BC4-98B1-0EFDB1DF6F53}.Release|x86.ActiveCfg = Release|Win32
		{933D6EF2-4BD7-4BC4-98B1-0EFDB1DF6F53}.Release|x86.Build.0 = Release|Win32
		{B9524F81-A27A-48D5-A2F8-AF3F011D1D69}.Debug|Any CPU.ActiveCfg = Debug|Win32
		{B9524F81-A27A-48D5-A2F8-AF3F011D1D69}.Debug|x64.ActiveCfg = Debug|x64
		{B9524F81-A27A-48D5-A2F8-AF3F011D1D69}.Debug|x64.Build.0 = Debug|x64
		{B9524F81-A27A-48D5-A2F8-AF3F011D1D69}.Debug|x86.ActiveCfg = Debug|Win32
		{B9524F81-A27A-48D5-A2F8-AF3F011D1D69}.Debug|x86.Build.0 = Debug|Win32
		{B9524F81-A27A-48D5-A2F8-AF3F011D1D69}.Release|Any CPU.ActiveCfg = Release|Win32
		{B9524F81-A27A-48D5-A2F8-AF3F011D1D69}.Release|x64.ActiveCfg = Release|x64
		{B9524F81-A27A-48D5-A2F8-AF3F011D1D69}.Release|x64.Build.0 = Release|x64
		{B9524F81-A27A-48D5-A2F8-AF3F011D1D69}.Release|x86.ActiveCfg = Release|Win32
		{B9524F81-A27A-48D5-A2F8-AF3F011D1D69}.Release|x86.Build.0 = Release|Win32
		{840452E4-511E-4F77-8D08-FF7206E5FE48}.Debug|Any CPU.ActiveCfg = Debug|Win32
		{840452E4-511E-4F77-8D08-FF7206E5FE48}.Debug|x64.ActiveCfg = Debug|x64
		{840452E4-511E-4F77-8D08-FF7206E5FE48}.Debug|x64.Build.0 = Debug|x64
		{840452E4-511E-4F77-8D08-FF7206E5FE48}.Debug|x86.ActiveCfg = Debug|Win32
		{840452E4-511E-4F77-8D08-FF7206E5FE48}.Debug|x86.Build.0 = Debug|Win32
		{840452E4-511E-4F77-8D08-FF7206E5FE48}.Release|Any CPU.ActiveCfg = Release|Win32
		{840452E4-511E-4F77-8D08-FF7206E5FE48}.Release|x64.ActiveCfg = Release|x64
		{840452E4-511E-4F77-8D08-FF7206E5FE48}.Release|x64.Build.0 = Release|x64
		{840452E4-511E-4F77-8D08-FF7206E5FE48}.Release|x86.ActiveCfg = Release|Win32
		{840452E4-511E-4F77-8D08-FF7206E5FE48}.Release|x86.Build.0 = Release|Win32
	EndGlobalSection
	GlobalSection(SolutionProperties) = preSolution
		HideSolutionNode = FALSE
	EndGlobalSection
	GlobalSection(ExtensibilityGlobals) = postSolution
		SolutionGuid = {C8C802AF-B771-4EA0-98E4-CA4CD3BF6880}
	EndGlobalSection
EndGlobal
